// !$*UTF8*$!
{
	archiveVersion = 1;
	classes = {
	};
	objectVersion = 46;
	objects = {

/* Begin PBXBuildFile section */
		0672ABEE2089235500BD11D1 /* GoogleService-Info.plist in Resources */ = {isa = PBXBuildFile; fileRef = 0672ABED2089235500BD11D1 /* GoogleService-Info.plist */; };
		069749B720867217007F2184 /* AddViewController.swift in Sources */ = {isa = PBXBuildFile; fileRef = 069749B620867217007F2184 /* AddViewController.swift */; };
		2581BFA53ABEDA2FD9CE2285 /* Pods_project_lfg.framework in Frameworks */ = {isa = PBXBuildFile; fileRef = 375A8F7B1D6377CFFBAAF4A9 /* Pods_project_lfg.framework */; };
		D694AB8F20813117002044D4 /* AppDelegate.swift in Sources */ = {isa = PBXBuildFile; fileRef = D694AB8E20813117002044D4 /* AppDelegate.swift */; };
		D694AB9120813117002044D4 /* ViewController.swift in Sources */ = {isa = PBXBuildFile; fileRef = D694AB9020813117002044D4 /* ViewController.swift */; };
		D694AB9420813117002044D4 /* Main.storyboard in Resources */ = {isa = PBXBuildFile; fileRef = D694AB9220813117002044D4 /* Main.storyboard */; };
		D694AB9620813117002044D4 /* Assets.xcassets in Resources */ = {isa = PBXBuildFile; fileRef = D694AB9520813117002044D4 /* Assets.xcassets */; };
		D694AB9920813117002044D4 /* LaunchScreen.storyboard in Resources */ = {isa = PBXBuildFile; fileRef = D694AB9720813117002044D4 /* LaunchScreen.storyboard */; };
/* End PBXBuildFile section */

/* Begin PBXFileReference section */
		0672ABED2089235500BD11D1 /* GoogleService-Info.plist */ = {isa = PBXFileReference; fileEncoding = 4; lastKnownFileType = text.plist.xml; path = "GoogleService-Info.plist"; sourceTree = "<group>"; };
		069749B620867217007F2184 /* AddViewController.swift */ = {isa = PBXFileReference; fileEncoding = 4; lastKnownFileType = sourcecode.swift; path = AddViewController.swift; sourceTree = "<group>"; };
		1A0B0317144D1DF0A68AACE3 /* Pods-project-lfg.debug.xcconfig */ = {isa = PBXFileReference; includeInIndex = 1; lastKnownFileType = text.xcconfig; name = "Pods-project-lfg.debug.xcconfig"; path = "Pods/Target Support Files/Pods-project-lfg/Pods-project-lfg.debug.xcconfig"; sourceTree = "<group>"; };
		375A8F7B1D6377CFFBAAF4A9 /* Pods_project_lfg.framework */ = {isa = PBXFileReference; explicitFileType = wrapper.framework; includeInIndex = 0; path = Pods_project_lfg.framework; sourceTree = BUILT_PRODUCTS_DIR; };
		5A72B283A81675F67C996577 /* Pods-project-lfg.release.xcconfig */ = {isa = PBXFileReference; includeInIndex = 1; lastKnownFileType = text.xcconfig; name = "Pods-project-lfg.release.xcconfig"; path = "Pods/Target Support Files/Pods-project-lfg/Pods-project-lfg.release.xcconfig"; sourceTree = "<group>"; };
		D694AB8B20813117002044D4 /* project-lfg.app */ = {isa = PBXFileReference; explicitFileType = wrapper.application; includeInIndex = 0; path = "project-lfg.app"; sourceTree = BUILT_PRODUCTS_DIR; };
		D694AB8E20813117002044D4 /* AppDelegate.swift */ = {isa = PBXFileReference; lastKnownFileType = sourcecode.swift; path = AppDelegate.swift; sourceTree = "<group>"; };
		D694AB9020813117002044D4 /* ViewController.swift */ = {isa = PBXFileReference; lastKnownFileType = sourcecode.swift; path = ViewController.swift; sourceTree = "<group>"; };
		D694AB9320813117002044D4 /* Base */ = {isa = PBXFileReference; lastKnownFileType = file.storyboard; name = Base; path = Base.lproj/Main.storyboard; sourceTree = "<group>"; };
		D694AB9520813117002044D4 /* Assets.xcassets */ = {isa = PBXFileReference; lastKnownFileType = folder.assetcatalog; path = Assets.xcassets; sourceTree = "<group>"; };
		D694AB9820813117002044D4 /* Base */ = {isa = PBXFileReference; lastKnownFileType = file.storyboard; name = Base; path = Base.lproj/LaunchScreen.storyboard; sourceTree = "<group>"; };
		D694AB9A20813117002044D4 /* Info.plist */ = {isa = PBXFileReference; lastKnownFileType = text.plist.xml; path = Info.plist; sourceTree = "<group>"; };
/* End PBXFileReference section */

/* Begin PBXFrameworksBuildPhase section */
		D694AB8820813117002044D4 /* Frameworks */ = {
			isa = PBXFrameworksBuildPhase;
			buildActionMask = 2147483647;
			files = (
				2581BFA53ABEDA2FD9CE2285 /* Pods_project_lfg.framework in Frameworks */,
			);
			runOnlyForDeploymentPostprocessing = 0;
		};
/* End PBXFrameworksBuildPhase section */

/* Begin PBXGroup section */
		660BB3AE13595545310DCC7A /* Pods */ = {
			isa = PBXGroup;
			children = (
				1A0B0317144D1DF0A68AACE3 /* Pods-project-lfg.debug.xcconfig */,
				5A72B283A81675F67C996577 /* Pods-project-lfg.release.xcconfig */,
			);
			name = Pods;
			sourceTree = "<group>";
		};
		7EB0BBB2AE6AE7CB988A747D /* Frameworks */ = {
			isa = PBXGroup;
			children = (
				375A8F7B1D6377CFFBAAF4A9 /* Pods_project_lfg.framework */,
			);
			name = Frameworks;
			sourceTree = "<group>";
		};
		D694AB8220813116002044D4 = {
			isa = PBXGroup;
			children = (
				D694AB8D20813117002044D4 /* project-lfg */,
				D694AB8C20813117002044D4 /* Products */,
				660BB3AE13595545310DCC7A /* Pods */,
				7EB0BBB2AE6AE7CB988A747D /* Frameworks */,
			);
			sourceTree = "<group>";
		};
		D694AB8C20813117002044D4 /* Products */ = {
			isa = PBXGroup;
			children = (
				D694AB8B20813117002044D4 /* project-lfg.app */,
			);
			name = Products;
			sourceTree = "<group>";
		};
		D694AB8D20813117002044D4 /* project-lfg */ = {
			isa = PBXGroup;
			children = (
				0672ABED2089235500BD11D1 /* GoogleService-Info.plist */,
				D694AB8E20813117002044D4 /* AppDelegate.swift */,
				D694AB9020813117002044D4 /* ViewController.swift */,
				D694AB9220813117002044D4 /* Main.storyboard */,
				069749B620867217007F2184 /* AddViewController.swift */,
				D694AB9520813117002044D4 /* Assets.xcassets */,
				D694AB9720813117002044D4 /* LaunchScreen.storyboard */,
				D694AB9A20813117002044D4 /* Info.plist */,
			);
			path = "project-lfg";
			sourceTree = "<group>";
		};
/* End PBXGroup section */

/* Begin PBXNativeTarget section */
		D694AB8A20813117002044D4 /* project-lfg */ = {
			isa = PBXNativeTarget;
			buildConfigurationList = D694AB9D20813117002044D4 /* Build configuration list for PBXNativeTarget "project-lfg" */;
			buildPhases = (
				3A13B9161F3CC16C3BA51316 /* [CP] Check Pods Manifest.lock */,
				D694AB8720813117002044D4 /* Sources */,
				D694AB8820813117002044D4 /* Frameworks */,
				D694AB8920813117002044D4 /* Resources */,
				099C526E97F5E287A5B7F88F /* [CP] Embed Pods Frameworks */,
				9312B41A2B9B3007A9768537 /* [CP] Copy Pods Resources */,
			);
			buildRules = (
			);
			dependencies = (
			);
			name = "project-lfg";
			productName = "project-lfg";
			productReference = D694AB8B20813117002044D4 /* project-lfg.app */;
			productType = "com.apple.product-type.application";
		};
/* End PBXNativeTarget section */

/* Begin PBXProject section */
		D694AB8320813116002044D4 /* Project object */ = {
			isa = PBXProject;
			attributes = {
				LastSwiftUpdateCheck = 0830;
				LastUpgradeCheck = 0830;
				ORGANIZATIONNAME = "Team Accord";
				TargetAttributes = {
					D694AB8A20813117002044D4 = {
						CreatedOnToolsVersion = 8.3.2;
						ProvisioningStyle = Automatic;
					};
				};
			};
			buildConfigurationList = D694AB8620813116002044D4 /* Build configuration list for PBXProject "project-lfg" */;
			compatibilityVersion = "Xcode 3.2";
			developmentRegion = English;
			hasScannedForEncodings = 0;
			knownRegions = (
				en,
				Base,
			);
			mainGroup = D694AB8220813116002044D4;
			productRefGroup = D694AB8C20813117002044D4 /* Products */;
			projectDirPath = "";
			projectRoot = "";
			targets = (
				D694AB8A20813117002044D4 /* project-lfg */,
			);
		};
/* End PBXProject section */

/* Begin PBXResourcesBuildPhase section */
		D694AB8920813117002044D4 /* Resources */ = {
			isa = PBXResourcesBuildPhase;
			buildActionMask = 2147483647;
			files = (
				D694AB9920813117002044D4 /* LaunchScreen.storyboard in Resources */,
				0672ABEE2089235500BD11D1 /* GoogleService-Info.plist in Resources */,
				D694AB9620813117002044D4 /* Assets.xcassets in Resources */,
				D694AB9420813117002044D4 /* Main.storyboard in Resources */,
			);
			runOnlyForDeploymentPostprocessing = 0;
		};
/* End PBXResourcesBuildPhase section */

/* Begin PBXShellScriptBuildPhase section */
		099C526E97F5E287A5B7F88F /* [CP] Embed Pods Frameworks */ = {
			isa = PBXShellScriptBuildPhase;
			buildActionMask = 2147483647;
			files = (
			);
			inputPaths = (
				"${SRCROOT}/Pods/Target Support Files/Pods-project-lfg/Pods-project-lfg-frameworks.sh",
				"${BUILT_PRODUCTS_DIR}/Eureka/Eureka.framework",
				"${BUILT_PRODUCTS_DIR}/GTMOAuth2/GTMOAuth2.framework",
				"${BUILT_PRODUCTS_DIR}/GTMSessionFetcher/GTMSessionFetcher.framework",
				"${BUILT_PRODUCTS_DIR}/GoogleToolboxForMac/GoogleToolboxForMac.framework",
				"${BUILT_PRODUCTS_DIR}/nanopb/nanopb.framework",
			);
			name = "[CP] Embed Pods Frameworks";
			outputPaths = (
				"${TARGET_BUILD_DIR}/${FRAMEWORKS_FOLDER_PATH}/Eureka.framework",
				"${TARGET_BUILD_DIR}/${FRAMEWORKS_FOLDER_PATH}/GTMOAuth2.framework",
				"${TARGET_BUILD_DIR}/${FRAMEWORKS_FOLDER_PATH}/GTMSessionFetcher.framework",
				"${TARGET_BUILD_DIR}/${FRAMEWORKS_FOLDER_PATH}/GoogleToolboxForMac.framework",
				"${TARGET_BUILD_DIR}/${FRAMEWORKS_FOLDER_PATH}/nanopb.framework",
			);
			runOnlyForDeploymentPostprocessing = 0;
			shellPath = /bin/sh;
			shellScript = "\"${SRCROOT}/Pods/Target Support Files/Pods-project-lfg/Pods-project-lfg-frameworks.sh\"\n";
			showEnvVarsInLog = 0;
		};
		3A13B9161F3CC16C3BA51316 /* [CP] Check Pods Manifest.lock */ = {
			isa = PBXShellScriptBuildPhase;
			buildActionMask = 2147483647;
			files = (
			);
			inputPaths = (
				"${PODS_PODFILE_DIR_PATH}/Podfile.lock",
				"${PODS_ROOT}/Manifest.lock",
			);
			name = "[CP] Check Pods Manifest.lock";
			outputPaths = (
				"$(DERIVED_FILE_DIR)/Pods-project-lfg-checkManifestLockResult.txt",
			);
			runOnlyForDeploymentPostprocessing = 0;
			shellPath = /bin/sh;
			shellScript = "diff \"${PODS_PODFILE_DIR_PATH}/Podfile.lock\" \"${PODS_ROOT}/Manifest.lock\" > /dev/null\nif [ $? != 0 ] ; then\n    # print error to STDERR\n    echo \"error: The sandbox is not in sync with the Podfile.lock. Run 'pod install' or update your CocoaPods installation.\" >&2\n    exit 1\nfi\n# This output is used by Xcode 'outputs' to avoid re-running this script phase.\necho \"SUCCESS\" > \"${SCRIPT_OUTPUT_FILE_0}\"\n";
			showEnvVarsInLog = 0;
		};
		9312B41A2B9B3007A9768537 /* [CP] Copy Pods Resources */ = {
			isa = PBXShellScriptBuildPhase;
			buildActionMask = 2147483647;
			files = (
			);
			inputPaths = (
				"${SRCROOT}/Pods/Target Support Files/Pods-project-lfg/Pods-project-lfg-resources.sh",
				"${PODS_ROOT}/GoogleSignIn/Resources/GoogleSignIn.bundle",
			);
			name = "[CP] Copy Pods Resources";
			outputPaths = (
				"${TARGET_BUILD_DIR}/${UNLOCALIZED_RESOURCES_FOLDER_PATH}/GoogleSignIn.bundle",
			);
			runOnlyForDeploymentPostprocessing = 0;
			shellPath = /bin/sh;
			shellScript = "\"${SRCROOT}/Pods/Target Support Files/Pods-project-lfg/Pods-project-lfg-resources.sh\"\n";
			showEnvVarsInLog = 0;
		};
/* End PBXShellScriptBuildPhase section */

/* Begin PBXSourcesBuildPhase section */
		D694AB8720813117002044D4 /* Sources */ = {
			isa = PBXSourcesBuildPhase;
			buildActionMask = 2147483647;
			files = (
				D694AB9120813117002044D4 /* ViewController.swift in Sources */,
				D694AB8F20813117002044D4 /* AppDelegate.swift in Sources */,
				069749B720867217007F2184 /* AddViewController.swift in Sources */,
			);
			runOnlyForDeploymentPostprocessing = 0;
		};
/* End PBXSourcesBuildPhase section */

/* Begin PBXVariantGroup section */
		D694AB9220813117002044D4 /* Main.storyboard */ = {
			isa = PBXVariantGroup;
			children = (
				D694AB9320813117002044D4 /* Base */,
			);
			name = Main.storyboard;
			sourceTree = "<group>";
		};
		D694AB9720813117002044D4 /* LaunchScreen.storyboard */ = {
			isa = PBXVariantGroup;
			children = (
				D694AB9820813117002044D4 /* Base */,
			);
			name = LaunchScreen.storyboard;
			sourceTree = "<group>";
		};
/* End PBXVariantGroup section */

/* Begin XCBuildConfiguration section */
		D694AB9B20813117002044D4 /* Debug */ = {
			isa = XCBuildConfiguration;
			buildSettings = {
				ALWAYS_SEARCH_USER_PATHS = NO;
				CLANG_ANALYZER_NONNULL = YES;
				CLANG_ANALYZER_NUMBER_OBJECT_CONVERSION = YES_AGGRESSIVE;
				CLANG_CXX_LANGUAGE_STANDARD = "gnu++0x";
				CLANG_CXX_LIBRARY = "libc++";
				CLANG_ENABLE_MODULES = YES;
				CLANG_ENABLE_OBJC_ARC = YES;
				CLANG_WARN_BOOL_CONVERSION = YES;
				CLANG_WARN_CONSTANT_CONVERSION = YES;
				CLANG_WARN_DIRECT_OBJC_ISA_USAGE = YES_ERROR;
				CLANG_WARN_DOCUMENTATION_COMMENTS = YES;
				CLANG_WARN_EMPTY_BODY = YES;
				CLANG_WARN_ENUM_CONVERSION = YES;
				CLANG_WARN_INFINITE_RECURSION = YES;
				CLANG_WARN_INT_CONVERSION = YES;
				CLANG_WARN_OBJC_ROOT_CLASS = YES_ERROR;
				CLANG_WARN_SUSPICIOUS_MOVE = YES;
				CLANG_WARN_UNREACHABLE_CODE = YES;
				CLANG_WARN__DUPLICATE_METHOD_MATCH = YES;
				"CODE_SIGN_IDENTITY[sdk=iphoneos*]" = "iPhone Developer";
				COPY_PHASE_STRIP = NO;
				DEBUG_INFORMATION_FORMAT = dwarf;
				ENABLE_STRICT_OBJC_MSGSEND = YES;
				ENABLE_TESTABILITY = YES;
				GCC_C_LANGUAGE_STANDARD = gnu99;
				GCC_DYNAMIC_NO_PIC = NO;
				GCC_NO_COMMON_BLOCKS = YES;
				GCC_OPTIMIZATION_LEVEL = 0;
				GCC_PREPROCESSOR_DEFINITIONS = (
					"DEBUG=1",
					"$(inherited)",
				);
				GCC_WARN_64_TO_32_BIT_CONVERSION = YES;
				GCC_WARN_ABOUT_RETURN_TYPE = YES_ERROR;
				GCC_WARN_UNDECLARED_SELECTOR = YES;
				GCC_WARN_UNINITIALIZED_AUTOS = YES_AGGRESSIVE;
				GCC_WARN_UNUSED_FUNCTION = YES;
				GCC_WARN_UNUSED_VARIABLE = YES;
				IPHONEOS_DEPLOYMENT_TARGET = 10.3;
				MTL_ENABLE_DEBUG_INFO = YES;
				ONLY_ACTIVE_ARCH = YES;
				SDKROOT = iphoneos;
				SWIFT_ACTIVE_COMPILATION_CONDITIONS = DEBUG;
				SWIFT_OPTIMIZATION_LEVEL = "-Onone";
				TARGETED_DEVICE_FAMILY = "1,2";
			};
			name = Debug;
		};
		D694AB9C20813117002044D4 /* Release */ = {
			isa = XCBuildConfiguration;
			buildSettings = {
				ALWAYS_SEARCH_USER_PATHS = NO;
				CLANG_ANALYZER_NONNULL = YES;
				CLANG_ANALYZER_NUMBER_OBJECT_CONVERSION = YES_AGGRESSIVE;
				CLANG_CXX_LANGUAGE_STANDARD = "gnu++0x";
				CLANG_CXX_LIBRARY = "libc++";
				CLANG_ENABLE_MODULES = YES;
				CLANG_ENABLE_OBJC_ARC = YES;
				CLANG_WARN_BOOL_CONVERSION = YES;
				CLANG_WARN_CONSTANT_CONVERSION = YES;
				CLANG_WARN_DIRECT_OBJC_ISA_USAGE = YES_ERROR;
				CLANG_WARN_DOCUMENTATION_COMMENTS = YES;
				CLANG_WARN_EMPTY_BODY = YES;
				CLANG_WARN_ENUM_CONVERSION = YES;
				CLANG_WARN_INFINITE_RECURSION = YES;
				CLANG_WARN_INT_CONVERSION = YES;
				CLANG_WARN_OBJC_ROOT_CLASS = YES_ERROR;
				CLANG_WARN_SUSPICIOUS_MOVE = YES;
				CLANG_WARN_UNREACHABLE_CODE = YES;
				CLANG_WARN__DUPLICATE_METHOD_MATCH = YES;
				"CODE_SIGN_IDENTITY[sdk=iphoneos*]" = "iPhone Developer";
				COPY_PHASE_STRIP = NO;
				DEBUG_INFORMATION_FORMAT = "dwarf-with-dsym";
				ENABLE_NS_ASSERTIONS = NO;
				ENABLE_STRICT_OBJC_MSGSEND = YES;
				GCC_C_LANGUAGE_STANDARD = gnu99;
				GCC_NO_COMMON_BLOCKS = YES;
				GCC_WARN_64_TO_32_BIT_CONVERSION = YES;
				GCC_WARN_ABOUT_RETURN_TYPE = YES_ERROR;
				GCC_WARN_UNDECLARED_SELECTOR = YES;
				GCC_WARN_UNINITIALIZED_AUTOS = YES_AGGRESSIVE;
				GCC_WARN_UNUSED_FUNCTION = YES;
				GCC_WARN_UNUSED_VARIABLE = YES;
				IPHONEOS_DEPLOYMENT_TARGET = 10.3;
				MTL_ENABLE_DEBUG_INFO = NO;
				SDKROOT = iphoneos;
				SWIFT_OPTIMIZATION_LEVEL = "-Owholemodule";
				TARGETED_DEVICE_FAMILY = "1,2";
				VALIDATE_PRODUCT = YES;
			};
			name = Release;
		};
		D694AB9E20813117002044D4 /* Debug */ = {
			isa = XCBuildConfiguration;
			baseConfigurationReference = 1A0B0317144D1DF0A68AACE3 /* Pods-project-lfg.debug.xcconfig */;
			buildSettings = {
				ASSETCATALOG_COMPILER_APPICON_NAME = AppIcon;
				INFOPLIST_FILE = "project-lfg/Info.plist";
				LD_RUNPATH_SEARCH_PATHS = "$(inherited) @executable_path/Frameworks";
				PRODUCT_BUNDLE_IDENTIFIER = "org.friscoisd.project-lfg";
				PRODUCT_NAME = "$(TARGET_NAME)";
				SWIFT_VERSION = 3.0;
			};
			name = Debug;
		};
		D694AB9F20813117002044D4 /* Release */ = {
			isa = XCBuildConfiguration;
			baseConfigurationReference = 5A72B283A81675F67C996577 /* Pods-project-lfg.release.xcconfig */;
			buildSettings = {
				ASSETCATALOG_COMPILER_APPICON_NAME = AppIcon;
				INFOPLIST_FILE = "project-lfg/Info.plist";
				LD_RUNPATH_SEARCH_PATHS = "$(inherited) @executable_path/Frameworks";
				PRODUCT_BUNDLE_IDENTIFIER = "org.friscoisd.project-lfg";
				PRODUCT_NAME = "$(TARGET_NAME)";
				SWIFT_VERSION = 3.0;
			};
			name = Release;
		};
/* End XCBuildConfiguration section */

/* Begin XCConfigurationList section */
		D694AB8620813116002044D4 /* Build configuration list for PBXProject "project-lfg" */ = {
			isa = XCConfigurationList;
			buildConfigurations = (
				D694AB9B20813117002044D4 /* Debug */,
				D694AB9C20813117002044D4 /* Release */,
			);
			defaultConfigurationIsVisible = 0;
			defaultConfigurationName = Release;
		};
		D694AB9D20813117002044D4 /* Build configuration list for PBXNativeTarget "project-lfg" */ = {
			isa = XCConfigurationList;
			buildConfigurations = (
				D694AB9E20813117002044D4 /* Debug */,
				D694AB9F20813117002044D4 /* Release */,
			);
			defaultConfigurationIsVisible = 0;
			defaultConfigurationName = Release;
		};
/* End XCConfigurationList section */
	};
	rootObject = D694AB8320813116002044D4 /* Project object */;
}
